
Microsoft Visual Studio Solution File, Format Version 12.00
# Visual Studio 15
VisualStudioVersion = 15.0.28307.136
MinimumVisualStudioVersion = 10.0.40219.1
Project("{FAE04EC0-301F-11D3-BF4B-00C04F79EFBC}") = "CinkciarzCoin", "CinkciarzCoin\CinkciarzCoin.csproj", "{520FF1F8-7A6E-479F-9857-C25D6F5DE390}"
EndProject
Global
	GlobalSection(SolutionConfigurationPlatforms) = preSolution
		Debug|Any CPU = Debug|Any CPU
		Release|Any CPU = Release|Any CPU
	EndGlobalSection
	GlobalSection(ProjectConfigurationPlatforms) = postSolution
		{520FF1F8-7A6E-479F-9857-C25D6F5DE390}.Debug|Any CPU.ActiveCfg = Debug|Any CPU
		{520FF1F8-7A6E-479F-9857-C25D6F5DE390}.Debug|Any CPU.Build.0 = Debug|Any CPU
		{520FF1F8-7A6E-479F-9857-C25D6F5DE390}.Release|Any CPU.ActiveCfg = Release|Any CPU
		{520FF1F8-7A6E-479F-9857-C25D6F5DE390}.Release|Any CPU.Build.0 = Release|Any CPU
	EndGlobalSection
	GlobalSection(SolutionProperties) = preSolution
		HideSolutionNode = FALSE
	EndGlobalSection
	GlobalSection(ExtensibilityGlobals) = postSolution
		SolutionGuid = {8CA49F11-417D-421D-AA74-63A8DCB79442}
	EndGlobalSection
EndGlobal
